# This file is autogenerated, do not edit; changes may be undone by the next 'dep ensure'.


[[projects]]
  branch = "master"
  name = "github.com/GeertJohan/go.rice"
  packages = [".","embedded"]
  revision = "c02ca9a983da5807ddf7d796784928f5be4afd09"

[[projects]]
  branch = "master"
  name = "github.com/daaku/go.zipexe"
  packages = ["."]
  revision = "a5fe2436ffcb3236e175e5149162b41cd28bd27d"

[[projects]]
  name = "github.com/gorilla/context"
  packages = ["."]
  revision = "1ea25387ff6f684839d82767c1733ff4d4d15d0a"
  version = "v1.1"

[[projects]]
  name = "github.com/gorilla/handlers"
  packages = ["."]
  revision = "a4043c62cc2329bacda331d33fc908ab11ef0ec3"
  version = "v1.2.1"

[[projects]]
  name = "github.com/gorilla/mux"
  packages = ["."]
  revision = "24fca303ac6da784b9e8269f724ddeb0b2eea5e7"
  version = "v1.5.0"

[[projects]]
  branch = "master"
  name = "github.com/kardianos/osext"
  packages = ["."]
  revision = "ae77be60afb1dcacde03767a8c37337fad28ac14"

[[projects]]
  branch = "master"
  name = "github.com/rjeczalik/notify"
  packages = ["."]
  revision = "767eb674ef14b09119b2fff3601e64558d530c47"

[[projects]]
  branch = "master"
  name = "golang.org/x/sys"
  packages = ["unix"]
  revision = "95c6576299259db960f6c5b9b69ea52422860fce"

[solve-meta]
  analyzer-name = "dep"
  analyzer-version = 1
  inputs-digest = "c454ccbdc42f166931b01ee862296df710223c6afe603b3dcfbd56bb1048c35f"
  solver-name = "gps-cdcl"
  solver-version = 1
